
Microsoft Visual Studio Solution File, Format Version 12.00
# Visual Studio 14
VisualStudioVersion = 14.0.25123.0
MinimumVisualStudioVersion = 10.0.40219.1
Project("{FAE04EC0-301F-11D3-BF4B-00C04F79EFBC}") = "PreECommerceApp.Droid", "PreECommerceApp\PreECommerceApp.Droid\PreECommerceApp.Droid.csproj", "{5080BBC4-3130-4447-8BB9-298F07686199}"
EndProject
Project("{FAE04EC0-301F-11D3-BF4B-00C04F79EFBC}") = "PreECommerceApp.iOS", "PreECommerceApp\PreECommerceApp.iOS\PreECommerceApp.iOS.csproj", "{BCBE9CC5-A8D7-46AA-8A52-48872C7A813A}"
EndProject
Project("{FAE04EC0-301F-11D3-BF4B-00C04F79EFBC}") = "PreECommerceApp.WinPhone", "PreECommerceApp\PreECommerceApp.WinPhone\PreECommerceApp.WinPhone.csproj", "{6E2B18D3-2BD7-47F6-A988-2B9648388C2D}"
EndProject
Project("{FAE04EC0-301F-11D3-BF4B-00C04F79EFBC}") = "PreECommerceApp.UWP", "PreECommerceApp\PreECommerceApp.UWP\PreECommerceApp.UWP.csproj", "{E1EC383E-DCA5-4E7E-AEC2-B778B1B7AD9E}"
EndProject
Project("{FAE04EC0-301F-11D3-BF4B-00C04F79EFBC}") = "PreECommerceApp.Windows", "PreECommerceApp\PreECommerceApp.Windows\PreECommerceApp.Windows.csproj", "{23F282AC-820D-441B-A76E-E0C572637A31}"
EndProject
Project("{FAE04EC0-301F-11D3-BF4B-00C04F79EFBC}") = "PreECommerceApp", "PreECommerceApp\PreECommerceApp\PreECommerceApp.csproj", "{6FEA638F-EE36-42F0-A7A4-C2F6ED6F5A15}"
EndProject
Global
	GlobalSection(SolutionConfigurationPlatforms) = preSolution
		Ad-Hoc|Any CPU = Ad-Hoc|Any CPU
		Ad-Hoc|ARM = Ad-Hoc|ARM
		Ad-Hoc|iPhone = Ad-Hoc|iPhone
		Ad-Hoc|iPhoneSimulator = Ad-Hoc|iPhoneSimulator
		Ad-Hoc|x64 = Ad-Hoc|x64
		Ad-Hoc|x86 = Ad-Hoc|x86
		AppStore|Any CPU = AppStore|Any CPU
		AppStore|ARM = AppStore|ARM
		AppStore|iPhone = AppStore|iPhone
		AppStore|iPhoneSimulator = AppStore|iPhoneSimulator
		AppStore|x64 = AppStore|x64
		AppStore|x86 = AppStore|x86
		Debug|Any CPU = Debug|Any CPU
		Debug|ARM = Debug|ARM
		Debug|iPhone = Debug|iPhone
		Debug|iPhoneSimulator = Debug|iPhoneSimulator
		Debug|x64 = Debug|x64
		Debug|x86 = Debug|x86
		Release|Any CPU = Release|Any CPU
		Release|ARM = Release|ARM
		Release|iPhone = Release|iPhone
		Release|iPhoneSimulator = Release|iPhoneSimulator
		Release|x64 = Release|x64
		Release|x86 = Release|x86
	EndGlobalSection
	GlobalSection(ProjectConfigurationPlatforms) = postSolution
		{5080BBC4-3130-4447-8BB9-298F07686199}.Ad-Hoc|Any CPU.ActiveCfg = Release|Any CPU
		{5080BBC4-3130-4447-8BB9-298F07686199}.Ad-Hoc|Any CPU.Build.0 = Release|Any CPU
		{5080BBC4-3130-4447-8BB9-298F07686199}.Ad-Hoc|Any CPU.Deploy.0 = Release|Any CPU
		{5080BBC4-3130-4447-8BB9-298F07686199}.Ad-Hoc|ARM.ActiveCfg = Release|Any CPU
		{5080BBC4-3130-4447-8BB9-298F07686199}.Ad-Hoc|ARM.Build.0 = Release|Any CPU
		{5080BBC4-3130-4447-8BB9-298F07686199}.Ad-Hoc|ARM.Deploy.0 = Release|Any CPU
		{5080BBC4-3130-4447-8BB9-298F07686199}.Ad-Hoc|iPhone.ActiveCfg = Release|Any CPU
		{5080BBC4-3130-4447-8BB9-298F07686199}.Ad-Hoc|iPhone.Build.0 = Release|Any CPU
		{5080BBC4-3130-4447-8BB9-298F07686199}.Ad-Hoc|iPhone.Deploy.0 = Release|Any CPU
		{5080BBC4-3130-4447-8BB9-298F07686199}.Ad-Hoc|iPhoneSimulator.ActiveCfg = Release|Any CPU
		{5080BBC4-3130-4447-8BB9-298F07686199}.Ad-Hoc|iPhoneSimulator.Build.0 = Release|Any CPU
		{5080BBC4-3130-4447-8BB9-298F07686199}.Ad-Hoc|iPhoneSimulator.Deploy.0 = Release|Any CPU
		{5080BBC4-3130-4447-8BB9-298F07686199}.Ad-Hoc|x64.ActiveCfg = Release|Any CPU
		{5080BBC4-3130-4447-8BB9-298F07686199}.Ad-Hoc|x64.Build.0 = Release|Any CPU
		{5080BBC4-3130-4447-8BB9-298F07686199}.Ad-Hoc|x64.Deploy.0 = Release|Any CPU
		{5080BBC4-3130-4447-8BB9-298F07686199}.Ad-Hoc|x86.ActiveCfg = Release|Any CPU
		{5080BBC4-3130-4447-8BB9-298F07686199}.Ad-Hoc|x86.Build.0 = Release|Any CPU
		{5080BBC4-3130-4447-8BB9-298F07686199}.Ad-Hoc|x86.Deploy.0 = Release|Any CPU
		{5080BBC4-3130-4447-8BB9-298F07686199}.AppStore|Any CPU.ActiveCfg = Release|Any CPU
		{5080BBC4-3130-4447-8BB9-298F07686199}.AppStore|Any CPU.Build.0 = Release|Any CPU
		{5080BBC4-3130-4447-8BB9-298F07686199}.AppStore|Any CPU.Deploy.0 = Release|Any CPU
		{5080BBC4-3130-4447-8BB9-298F07686199}.AppStore|ARM.ActiveCfg = Release|Any CPU
		{5080BBC4-3130-4447-8BB9-298F07686199}.AppStore|ARM.Build.0 = Release|Any CPU
		{5080BBC4-3130-4447-8BB9-298F07686199}.AppStore|ARM.Deploy.0 = Release|Any CPU
		{5080BBC4-3130-4447-8BB9-298F07686199}.AppStore|iPhone.ActiveCfg = Release|Any CPU
		{5080BBC4-3130-4447-8BB9-298F07686199}.AppStore|iPhone.Build.0 = Release|Any CPU
		{5080BBC4-3130-4447-8BB9-298F07686199}.AppStore|iPhone.Deploy.0 = Release|Any CPU
		{5080BBC4-3130-4447-8BB9-298F07686199}.AppStore|iPhoneSimulator.ActiveCfg = Release|Any CPU
		{5080BBC4-3130-4447-8BB9-298F07686199}.AppStore|iPhoneSimulator.Build.0 = Release|Any CPU
		{5080BBC4-3130-4447-8BB9-298F07686199}.AppStore|iPhoneSimulator.Deploy.0 = Release|Any CPU
		{5080BBC4-3130-4447-8BB9-298F07686199}.AppStore|x64.ActiveCfg = Release|Any CPU
		{5080BBC4-3130-4447-8BB9-298F07686199}.AppStore|x64.Build.0 = Release|Any CPU
		{5080BBC4-3130-4447-8BB9-298F07686199}.AppStore|x64.Deploy.0 = Release|Any CPU
		{5080BBC4-3130-4447-8BB9-298F07686199}.AppStore|x86.ActiveCfg = Release|Any CPU
		{5080BBC4-3130-4447-8BB9-298F07686199}.AppStore|x86.Build.0 = Release|Any CPU
		{5080BBC4-3130-4447-8BB9-298F07686199}.AppStore|x86.Deploy.0 = Release|Any CPU
		{5080BBC4-3130-4447-8BB9-298F07686199}.Debug|Any CPU.ActiveCfg = Debug|Any CPU
		{5080BBC4-3130-4447-8BB9-298F07686199}.Debug|Any CPU.Build.0 = Debug|Any CPU
		{5080BBC4-3130-4447-8BB9-298F07686199}.Debug|Any CPU.Deploy.0 = Debug|Any CPU
		{5080BBC4-3130-4447-8BB9-298F07686199}.Debug|ARM.ActiveCfg = Debug|Any CPU
		{5080BBC4-3130-4447-8BB9-298F07686199}.Debug|ARM.Build.0 = Debug|Any CPU
		{5080BBC4-3130-4447-8BB9-298F07686199}.Debug|ARM.Deploy.0 = Debug|Any CPU
		{5080BBC4-3130-4447-8BB9-298F07686199}.Debug|iPhone.ActiveCfg = Debug|Any CPU
		{5080BBC4-3130-4447-8BB9-298F07686199}.Debug|iPhone.Build.0 = Debug|Any CPU
		{5080BBC4-3130-4447-8BB9-298F07686199}.Debug|iPhone.Deploy.0 = Debug|Any CPU
		{5080BBC4-3130-4447-8BB9-298F07686199}.Debug|iPhoneSimulator.ActiveCfg = Debug|Any CPU
		{5080BBC4-3130-4447-8BB9-298F07686199}.Debug|iPhoneSimulator.Build.0 = Debug|Any CPU
		{5080BBC4-3130-4447-8BB9-298F07686199}.Debug|iPhoneSimulator.Deploy.0 = Debug|Any CPU
		{5080BBC4-3130-4447-8BB9-298F07686199}.Debug|x64.ActiveCfg = Debug|Any CPU
		{5080BBC4-3130-4447-8BB9-298F07686199}.Debug|x64.Build.0 = Debug|Any CPU
		{5080BBC4-3130-4447-8BB9-298F07686199}.Debug|x64.Deploy.0 = Debug|Any CPU
		{5080BBC4-3130-4447-8BB9-298F07686199}.Debug|x86.ActiveCfg = Debug|Any CPU
		{5080BBC4-3130-4447-8BB9-298F07686199}.Debug|x86.Build.0 = Debug|Any CPU
		{5080BBC4-3130-4447-8BB9-298F07686199}.Debug|x86.Deploy.0 = Debug|Any CPU
		{5080BBC4-3130-4447-8BB9-298F07686199}.Release|Any CPU.ActiveCfg = Release|Any CPU
		{5080BBC4-3130-4447-8BB9-298F07686199}.Release|Any CPU.Build.0 = Release|Any CPU
		{5080BBC4-3130-4447-8BB9-298F07686199}.Release|Any CPU.Deploy.0 = Release|Any CPU
		{5080BBC4-3130-4447-8BB9-298F07686199}.Release|ARM.ActiveCfg = Release|Any CPU
		{5080BBC4-3130-4447-8BB9-298F07686199}.Release|ARM.Build.0 = Release|Any CPU
		{5080BBC4-3130-4447-8BB9-298F07686199}.Release|ARM.Deploy.0 = Release|Any CPU
		{5080BBC4-3130-4447-8BB9-298F07686199}.Release|iPhone.ActiveCfg = Release|Any CPU
		{5080BBC4-3130-4447-8BB9-298F07686199}.Release|iPhone.Build.0 = Release|Any CPU
		{5080BBC4-3130-4447-8BB9-298F07686199}.Release|iPhone.Deploy.0 = Release|Any CPU
		{5080BBC4-3130-4447-8BB9-298F07686199}.Release|iPhoneSimulator.ActiveCfg = Release|Any CPU
		{5080BBC4-3130-4447-8BB9-298F07686199}.Release|iPhoneSimulator.Build.0 = Release|Any CPU
		{5080BBC4-3130-4447-8BB9-298F07686199}.Release|iPhoneSimulator.Deploy.0 = Release|Any CPU
		{5080BBC4-3130-4447-8BB9-298F07686199}.Release|x64.ActiveCfg = Release|Any CPU
		{5080BBC4-3130-4447-8BB9-298F07686199}.Release|x64.Build.0 = Release|Any CPU
		{5080BBC4-3130-4447-8BB9-298F07686199}.Release|x64.Deploy.0 = Release|Any CPU
		{5080BBC4-3130-4447-8BB9-298F07686199}.Release|x86.ActiveCfg = Release|Any CPU
		{5080BBC4-3130-4447-8BB9-298F07686199}.Release|x86.Build.0 = Release|Any CPU
		{5080BBC4-3130-4447-8BB9-298F07686199}.Release|x86.Deploy.0 = Release|Any CPU
		{BCBE9CC5-A8D7-46AA-8A52-48872C7A813A}.Ad-Hoc|Any CPU.ActiveCfg = Ad-Hoc|iPhone
		{BCBE9CC5-A8D7-46AA-8A52-48872C7A813A}.Ad-Hoc|ARM.ActiveCfg = Ad-Hoc|iPhone
		{BCBE9CC5-A8D7-46AA-8A52-48872C7A813A}.Ad-Hoc|iPhone.ActiveCfg = Ad-Hoc|iPhone
		{BCBE9CC5-A8D7-46AA-8A52-48872C7A813A}.Ad-Hoc|iPhone.Build.0 = Ad-Hoc|iPhone
		{BCBE9CC5-A8D7-46AA-8A52-48872C7A813A}.Ad-Hoc|iPhoneSimulator.ActiveCfg = Ad-Hoc|iPhoneSimulator
		{BCBE9CC5-A8D7-46AA-8A52-48872C7A813A}.Ad-Hoc|iPhoneSimulator.Build.0 = Ad-Hoc|iPhoneSimulator
		{BCBE9CC5-A8D7-46AA-8A52-48872C7A813A}.Ad-Hoc|x64.ActiveCfg = Ad-Hoc|iPhone
		{BCBE9CC5-A8D7-46AA-8A52-48872C7A813A}.Ad-Hoc|x86.ActiveCfg = Ad-Hoc|iPhone
		{BCBE9CC5-A8D7-46AA-8A52-48872C7A813A}.AppStore|Any CPU.ActiveCfg = AppStore|iPhone
		{BCBE9CC5-A8D7-46AA-8A52-48872C7A813A}.AppStore|ARM.ActiveCfg = AppStore|iPhone
		{BCBE9CC5-A8D7-46AA-8A52-48872C7A813A}.AppStore|iPhone.ActiveCfg = AppStore|iPhone
		{BCBE9CC5-A8D7-46AA-8A52-48872C7A813A}.AppStore|iPhone.Build.0 = AppStore|iPhone
		{BCBE9CC5-A8D7-46AA-8A52-48872C7A813A}.AppStore|iPhoneSimulator.ActiveCfg = AppStore|iPhoneSimulator
		{BCBE9CC5-A8D7-46AA-8A52-48872C7A813A}.AppStore|iPhoneSimulator.Build.0 = AppStore|iPhoneSimulator
		{BCBE9CC5-A8D7-46AA-8A52-48872C7A813A}.AppStore|x64.ActiveCfg = AppStore|iPhone
		{BCBE9CC5-A8D7-46AA-8A52-48872C7A813A}.AppStore|x86.ActiveCfg = AppStore|iPhone
		{BCBE9CC5-A8D7-46AA-8A52-48872C7A813A}.Debug|Any CPU.ActiveCfg = Debug|iPhone
		{BCBE9CC5-A8D7-46AA-8A52-48872C7A813A}.Debug|ARM.ActiveCfg = Debug|iPhone
		{BCBE9CC5-A8D7-46AA-8A52-48872C7A813A}.Debug|iPhone.ActiveCfg = Debug|iPhone
		{BCBE9CC5-A8D7-46AA-8A52-48872C7A813A}.Debug|iPhone.Build.0 = Debug|iPhone
		{BCBE9CC5-A8D7-46AA-8A52-48872C7A813A}.Debug|iPhoneSimulator.ActiveCfg = Debug|iPhoneSimulator
		{BCBE9CC5-A8D7-46AA-8A52-48872C7A813A}.Debug|iPhoneSimulator.Build.0 = Debug|iPhoneSimulator
		{BCBE9CC5-A8D7-46AA-8A52-48872C7A813A}.Debug|x64.ActiveCfg = Debug|iPhone
		{BCBE9CC5-A8D7-46AA-8A52-48872C7A813A}.Debug|x86.ActiveCfg = Debug|iPhone
		{BCBE9CC5-A8D7-46AA-8A52-48872C7A813A}.Release|Any CPU.ActiveCfg = Release|iPhone
		{BCBE9CC5-A8D7-46AA-8A52-48872C7A813A}.Release|ARM.ActiveCfg = Release|iPhone
		{BCBE9CC5-A8D7-46AA-8A52-48872C7A813A}.Release|iPhone.ActiveCfg = Release|iPhone
		{BCBE9CC5-A8D7-46AA-8A52-48872C7A813A}.Release|iPhone.Build.0 = Release|iPhone
		{BCBE9CC5-A8D7-46AA-8A52-48872C7A813A}.Release|iPhoneSimulator.ActiveCfg = Release|iPhoneSimulator
		{BCBE9CC5-A8D7-46AA-8A52-48872C7A813A}.Release|iPhoneSimulator.Build.0 = Release|iPhoneSimulator
		{BCBE9CC5-A8D7-46AA-8A52-48872C7A813A}.Release|x64.ActiveCfg = Release|iPhone
		{BCBE9CC5-A8D7-46AA-8A52-48872C7A813A}.Release|x86.ActiveCfg = Release|iPhone
		{6E2B18D3-2BD7-47F6-A988-2B9648388C2D}.Ad-Hoc|Any CPU.ActiveCfg = Release|Any CPU
		{6E2B18D3-2BD7-47F6-A988-2B9648388C2D}.Ad-Hoc|Any CPU.Build.0 = Release|Any CPU
		{6E2B18D3-2BD7-47F6-A988-2B9648388C2D}.Ad-Hoc|Any CPU.Deploy.0 = Release|Any CPU
		{6E2B18D3-2BD7-47F6-A988-2B9648388C2D}.Ad-Hoc|ARM.ActiveCfg = Release|ARM
		{6E2B18D3-2BD7-47F6-A988-2B9648388C2D}.Ad-Hoc|ARM.Build.0 = Release|ARM
		{6E2B18D3-2BD7-47F6-A988-2B9648388C2D}.Ad-Hoc|ARM.Deploy.0 = Release|ARM
		{6E2B18D3-2BD7-47F6-A988-2B9648388C2D}.Ad-Hoc|iPhone.ActiveCfg = Release|Any CPU
		{6E2B18D3-2BD7-47F6-A988-2B9648388C2D}.Ad-Hoc|iPhone.Build.0 = Release|Any CPU
		{6E2B18D3-2BD7-47F6-A988-2B9648388C2D}.Ad-Hoc|iPhone.Deploy.0 = Release|Any CPU
		{6E2B18D3-2BD7-47F6-A988-2B9648388C2D}.Ad-Hoc|iPhoneSimulator.ActiveCfg = Release|Any CPU
		{6E2B18D3-2BD7-47F6-A988-2B9648388C2D}.Ad-Hoc|iPhoneSimulator.Build.0 = Release|Any CPU
		{6E2B18D3-2BD7-47F6-A988-2B9648388C2D}.Ad-Hoc|iPhoneSimulator.Deploy.0 = Release|Any CPU
		{6E2B18D3-2BD7-47F6-A988-2B9648388C2D}.Ad-Hoc|x64.ActiveCfg = Release|Any CPU
		{6E2B18D3-2BD7-47F6-A988-2B9648388C2D}.Ad-Hoc|x64.Build.0 = Release|Any CPU
		{6E2B18D3-2BD7-47F6-A988-2B9648388C2D}.Ad-Hoc|x64.Deploy.0 = Release|Any CPU
		{6E2B18D3-2BD7-47F6-A988-2B9648388C2D}.Ad-Hoc|x86.ActiveCfg = Release|x86
		{6E2B18D3-2BD7-47F6-A988-2B9648388C2D}.Ad-Hoc|x86.Build.0 = Release|x86
		{6E2B18D3-2BD7-47F6-A988-2B9648388C2D}.Ad-Hoc|x86.Deploy.0 = Release|x86
		{6E2B18D3-2BD7-47F6-A988-2B9648388C2D}.AppStore|Any CPU.ActiveCfg = Release|Any CPU
		{6E2B18D3-2BD7-47F6-A988-2B9648388C2D}.AppStore|Any CPU.Build.0 = Release|Any CPU
		{6E2B18D3-2BD7-47F6-A988-2B9648388C2D}.AppStore|Any CPU.Deploy.0 = Release|Any CPU
		{6E2B18D3-2BD7-47F6-A988-2B9648388C2D}.AppStore|ARM.ActiveCfg = Release|ARM
		{6E2B18D3-2BD7-47F6-A988-2B9648388C2D}.AppStore|ARM.Build.0 = Release|ARM
		{6E2B18D3-2BD7-47F6-A988-2B9648388C2D}.AppStore|ARM.Deploy.0 = Release|ARM
		{6E2B18D3-2BD7-47F6-A988-2B9648388C2D}.AppStore|iPhone.ActiveCfg = Release|Any CPU
		{6E2B18D3-2BD7-47F6-A988-2B9648388C2D}.AppStore|iPhone.Build.0 = Release|Any CPU
		{6E2B18D3-2BD7-47F6-A988-2B9648388C2D}.AppStore|iPhone.Deploy.0 = Release|Any CPU
		{6E2B18D3-2BD7-47F6-A988-2B9648388C2D}.AppStore|iPhoneSimulator.ActiveCfg = Release|Any CPU
		{6E2B18D3-2BD7-47F6-A988-2B9648388C2D}.AppStore|iPhoneSimulator.Build.0 = Release|Any CPU
		{6E2B18D3-2BD7-47F6-A988-2B9648388C2D}.AppStore|iPhoneSimulator.Deploy.0 = Release|Any CPU
		{6E2B18D3-2BD7-47F6-A988-2B9648388C2D}.AppStore|x64.ActiveCfg = Release|Any CPU
		{6E2B18D3-2BD7-47F6-A988-2B9648388C2D}.AppStore|x64.Build.0 = Release|Any CPU
		{6E2B18D3-2BD7-47F6-A988-2B9648388C2D}.AppStore|x64.Deploy.0 = Release|Any CPU
		{6E2B18D3-2BD7-47F6-A988-2B9648388C2D}.AppStore|x86.ActiveCfg = Release|x86
		{6E2B18D3-2BD7-47F6-A988-2B9648388C2D}.AppStore|x86.Build.0 = Release|x86
		{6E2B18D3-2BD7-47F6-A988-2B9648388C2D}.AppStore|x86.Deploy.0 = Release|x86
		{6E2B18D3-2BD7-47F6-A988-2B9648388C2D}.Debug|Any CPU.ActiveCfg = Debug|Any CPU
		{6E2B18D3-2BD7-47F6-A988-2B9648388C2D}.Debug|Any CPU.Build.0 = Debug|Any CPU
		{6E2B18D3-2BD7-47F6-A988-2B9648388C2D}.Debug|Any CPU.Deploy.0 = Debug|Any CPU
		{6E2B18D3-2BD7-47F6-A988-2B9648388C2D}.Debug|ARM.ActiveCfg = Debug|ARM
		{6E2B18D3-2BD7-47F6-A988-2B9648388C2D}.Debug|ARM.Build.0 = Debug|ARM
		{6E2B18D3-2BD7-47F6-A988-2B9648388C2D}.Debug|ARM.Deploy.0 = Debug|ARM
		{6E2B18D3-2BD7-47F6-A988-2B9648388C2D}.Debug|iPhone.ActiveCfg = Debug|Any CPU
		{6E2B18D3-2BD7-47F6-A988-2B9648388C2D}.Debug|iPhone.Build.0 = Debug|Any CPU
		{6E2B18D3-2BD7-47F6-A988-2B9648388C2D}.Debug|iPhone.Deploy.0 = Debug|Any CPU
		{6E2B18D3-2BD7-47F6-A988-2B9648388C2D}.Debug|iPhoneSimulator.ActiveCfg = Debug|Any CPU
		{6E2B18D3-2BD7-47F6-A988-2B9648388C2D}.Debug|iPhoneSimulator.Build.0 = Debug|Any CPU
		{6E2B18D3-2BD7-47F6-A988-2B9648388C2D}.Debug|iPhoneSimulator.Deploy.0 = Debug|Any CPU
		{6E2B18D3-2BD7-47F6-A988-2B9648388C2D}.Debug|x64.ActiveCfg = Debug|Any CPU
		{6E2B18D3-2BD7-47F6-A988-2B9648388C2D}.Debug|x64.Build.0 = Debug|Any CPU
		{6E2B18D3-2BD7-47F6-A988-2B9648388C2D}.Debug|x64.Deploy.0 = Debug|Any CPU
		{6E2B18D3-2BD7-47F6-A988-2B9648388C2D}.Debug|x86.ActiveCfg = Debug|x86
		{6E2B18D3-2BD7-47F6-A988-2B9648388C2D}.Debug|x86.Build.0 = Debug|x86
		{6E2B18D3-2BD7-47F6-A988-2B9648388C2D}.Debug|x86.Deploy.0 = Debug|x86
		{6E2B18D3-2BD7-47F6-A988-2B9648388C2D}.Release|Any CPU.ActiveCfg = Release|Any CPU
		{6E2B18D3-2BD7-47F6-A988-2B9648388C2D}.Release|Any CPU.Build.0 = Release|Any CPU
		{6E2B18D3-2BD7-47F6-A988-2B9648388C2D}.Release|Any CPU.Deploy.0 = Release|Any CPU
		{6E2B18D3-2BD7-47F6-A988-2B9648388C2D}.Release|ARM.ActiveCfg = Release|ARM
		{6E2B18D3-2BD7-47F6-A988-2B9648388C2D}.Release|ARM.Build.0 = Release|ARM
		{6E2B18D3-2BD7-47F6-A988-2B9648388C2D}.Release|ARM.Deploy.0 = Release|ARM
		{6E2B18D3-2BD7-47F6-A988-2B9648388C2D}.Release|iPhone.ActiveCfg = Release|Any CPU
		{6E2B18D3-2BD7-47F6-A988-2B9648388C2D}.Release|iPhone.Build.0 = Release|Any CPU
		{6E2B18D3-2BD7-47F6-A988-2B9648388C2D}.Release|iPhone.Deploy.0 = Release|Any CPU
		{6E2B18D3-2BD7-47F6-A988-2B9648388C2D}.Release|iPhoneSimulator.ActiveCfg = Release|Any CPU
		{6E2B18D3-2BD7-47F6-A988-2B9648388C2D}.Release|iPhoneSimulator.Build.0 = Release|Any CPU
		{6E2B18D3-2BD7-47F6-A988-2B9648388C2D}.Release|iPhoneSimulator.Deploy.0 = Release|Any CPU
		{6E2B18D3-2BD7-47F6-A988-2B9648388C2D}.Release|x64.ActiveCfg = Release|Any CPU
		{6E2B18D3-2BD7-47F6-A988-2B9648388C2D}.Release|x64.Build.0 = Release|Any CPU
		{6E2B18D3-2BD7-47F6-A988-2B9648388C2D}.Release|x64.Deploy.0 = Release|Any CPU
		{6E2B18D3-2BD7-47F6-A988-2B9648388C2D}.Release|x86.ActiveCfg = Release|x86
		{6E2B18D3-2BD7-47F6-A988-2B9648388C2D}.Release|x86.Build.0 = Release|x86
		{6E2B18D3-2BD7-47F6-A988-2B9648388C2D}.Release|x86.Deploy.0 = Release|x86
		{E1EC383E-DCA5-4E7E-AEC2-B778B1B7AD9E}.Ad-Hoc|Any CPU.ActiveCfg = Release|x86
		{E1EC383E-DCA5-4E7E-AEC2-B778B1B7AD9E}.Ad-Hoc|Any CPU.Build.0 = Release|x86
		{E1EC383E-DCA5-4E7E-AEC2-B778B1B7AD9E}.Ad-Hoc|Any CPU.Deploy.0 = Release|x86
		{E1EC383E-DCA5-4E7E-AEC2-B778B1B7AD9E}.Ad-Hoc|ARM.ActiveCfg = Release|ARM
		{E1EC383E-DCA5-4E7E-AEC2-B778B1B7AD9E}.Ad-Hoc|ARM.Build.0 = Release|ARM
		{E1EC383E-DCA5-4E7E-AEC2-B778B1B7AD9E}.Ad-Hoc|ARM.Deploy.0 = Release|ARM
		{E1EC383E-DCA5-4E7E-AEC2-B778B1B7AD9E}.Ad-Hoc|iPhone.ActiveCfg = Release|x86
		{E1EC383E-DCA5-4E7E-AEC2-B778B1B7AD9E}.Ad-Hoc|iPhone.Build.0 = Release|x86
		{E1EC383E-DCA5-4E7E-AEC2-B778B1B7AD9E}.Ad-Hoc|iPhone.Deploy.0 = Release|x86
		{E1EC383E-DCA5-4E7E-AEC2-B778B1B7AD9E}.Ad-Hoc|iPhoneSimulator.ActiveCfg = Release|x86
		{E1EC383E-DCA5-4E7E-AEC2-B778B1B7AD9E}.Ad-Hoc|iPhoneSimulator.Build.0 = Release|x86
		{E1EC383E-DCA5-4E7E-AEC2-B778B1B7AD9E}.Ad-Hoc|iPhoneSimulator.Deploy.0 = Release|x86
		{E1EC383E-DCA5-4E7E-AEC2-B778B1B7AD9E}.Ad-Hoc|x64.ActiveCfg = Release|x64
		{E1EC383E-DCA5-4E7E-AEC2-B778B1B7AD9E}.Ad-Hoc|x64.Build.0 = Release|x64
		{E1EC383E-DCA5-4E7E-AEC2-B778B1B7AD9E}.Ad-Hoc|x64.Deploy.0 = Release|x64
		{E1EC383E-DCA5-4E7E-AEC2-B778B1B7AD9E}.Ad-Hoc|x86.ActiveCfg = Release|x86
		{E1EC383E-DCA5-4E7E-AEC2-B778B1B7AD9E}.Ad-Hoc|x86.Build.0 = Release|x86
		{E1EC383E-DCA5-4E7E-AEC2-B778B1B7AD9E}.Ad-Hoc|x86.Deploy.0 = Release|x86
		{E1EC383E-DCA5-4E7E-AEC2-B778B1B7AD9E}.AppStore|Any CPU.ActiveCfg = Release|x86
		{E1EC383E-DCA5-4E7E-AEC2-B778B1B7AD9E}.AppStore|Any CPU.Build.0 = Release|x86
		{E1EC383E-DCA5-4E7E-AEC2-B778B1B7AD9E}.AppStore|Any CPU.Deploy.0 = Release|x86
		{E1EC383E-DCA5-4E7E-AEC2-B778B1B7AD9E}.AppStore|ARM.ActiveCfg = Release|ARM
		{E1EC383E-DCA5-4E7E-AEC2-B778B1B7AD9E}.AppStore|ARM.Build.0 = Release|ARM
		{E1EC383E-DCA5-4E7E-AEC2-B778B1B7AD9E}.AppStore|ARM.Deploy.0 = Release|ARM
		{E1EC383E-DCA5-4E7E-AEC2-B778B1B7AD9E}.AppStore|iPhone.ActiveCfg = Release|x86
		{E1EC383E-DCA5-4E7E-AEC2-B778B1B7AD9E}.AppStore|iPhone.Build.0 = Release|x86
		{E1EC383E-DCA5-4E7E-AEC2-B778B1B7AD9E}.AppStore|iPhone.Deploy.0 = Release|x86
		{E1EC383E-DCA5-4E7E-AEC2-B778B1B7AD9E}.AppStore|iPhoneSimulator.ActiveCfg = Release|x86
		{E1EC383E-DCA5-4E7E-AEC2-B778B1B7AD9E}.AppStore|iPhoneSimulator.Build.0 = Release|x86
		{E1EC383E-DCA5-4E7E-AEC2-B778B1B7AD9E}.AppStore|iPhoneSimulator.Deploy.0 = Release|x86
		{E1EC383E-DCA5-4E7E-AEC2-B778B1B7AD9E}.AppStore|x64.ActiveCfg = Release|x64
		{E1EC383E-DCA5-4E7E-AEC2-B778B1B7AD9E}.AppStore|x64.Build.0 = Release|x64
		{E1EC383E-DCA5-4E7E-AEC2-B778B1B7AD9E}.AppStore|x64.Deploy.0 = Release|x64
		{E1EC383E-DCA5-4E7E-AEC2-B778B1B7AD9E}.AppStore|x86.ActiveCfg = Release|x86
		{E1EC383E-DCA5-4E7E-AEC2-B778B1B7AD9E}.AppStore|x86.Build.0 = Release|x86
		{E1EC383E-DCA5-4E7E-AEC2-B778B1B7AD9E}.AppStore|x86.Deploy.0 = Release|x86
		{E1EC383E-DCA5-4E7E-AEC2-B778B1B7AD9E}.Debug|Any CPU.ActiveCfg = Debug|x86
		{E1EC383E-DCA5-4E7E-AEC2-B778B1B7AD9E}.Debug|ARM.ActiveCfg = Debug|ARM
		{E1EC383E-DCA5-4E7E-AEC2-B778B1B7AD9E}.Debug|ARM.Build.0 = Debug|ARM
		{E1EC383E-DCA5-4E7E-AEC2-B778B1B7AD9E}.Debug|ARM.Deploy.0 = Debug|ARM
		{E1EC383E-DCA5-4E7E-AEC2-B778B1B7AD9E}.Debug|iPhone.ActiveCfg = Debug|x86
		{E1EC383E-DCA5-4E7E-AEC2-B778B1B7AD9E}.Debug|iPhoneSimulator.ActiveCfg = Debug|x86
		{E1EC383E-DCA5-4E7E-AEC2-B778B1B7AD9E}.Debug|x64.ActiveCfg = Debug|x64
		{E1EC383E-DCA5-4E7E-AEC2-B778B1B7AD9E}.Debug|x64.Build.0 = Debug|x64
		{E1EC383E-DCA5-4E7E-AEC2-B778B1B7AD9E}.Debug|x64.Deploy.0 = Debug|x64
		{E1EC383E-DCA5-4E7E-AEC2-B778B1B7AD9E}.Debug|x86.ActiveCfg = Debug|x86
		{E1EC383E-DCA5-4E7E-AEC2-B778B1B7AD9E}.Debug|x86.Build.0 = Debug|x86
		{E1EC383E-DCA5-4E7E-AEC2-B778B1B7AD9E}.Debug|x86.Deploy.0 = Debug|x86
		{E1EC383E-DCA5-4E7E-AEC2-B778B1B7AD9E}.Release|Any CPU.ActiveCfg = Release|x86
		{E1EC383E-DCA5-4E7E-AEC2-B778B1B7AD9E}.Release|ARM.ActiveCfg = Release|ARM
		{E1EC383E-DCA5-4E7E-AEC2-B778B1B7AD9E}.Release|ARM.Build.0 = Release|ARM
		{E1EC383E-DCA5-4E7E-AEC2-B778B1B7AD9E}.Release|ARM.Deploy.0 = Release|ARM
		{E1EC383E-DCA5-4E7E-AEC2-B778B1B7AD9E}.Release|iPhone.ActiveCfg = Release|x86
		{E1EC383E-DCA5-4E7E-AEC2-B778B1B7AD9E}.Release|iPhoneSimulator.ActiveCfg = Release|x86
		{E1EC383E-DCA5-4E7E-AEC2-B778B1B7AD9E}.Release|x64.ActiveCfg = Release|x64
		{E1EC383E-DCA5-4E7E-AEC2-B778B1B7AD9E}.Release|x64.Build.0 = Release|x64
		{E1EC383E-DCA5-4E7E-AEC2-B778B1B7AD9E}.Release|x64.Deploy.0 = Release|x64
		{E1EC383E-DCA5-4E7E-AEC2-B778B1B7AD9E}.Release|x86.ActiveCfg = Release|x86
		{E1EC383E-DCA5-4E7E-AEC2-B778B1B7AD9E}.Release|x86.Build.0 = Release|x86
		{E1EC383E-DCA5-4E7E-AEC2-B778B1B7AD9E}.Release|x86.Deploy.0 = Release|x86
		{23F282AC-820D-441B-A76E-E0C572637A31}.Ad-Hoc|Any CPU.ActiveCfg = Release|Any CPU
		{23F282AC-820D-441B-A76E-E0C572637A31}.Ad-Hoc|Any CPU.Build.0 = Release|Any CPU
		{23F282AC-820D-441B-A76E-E0C572637A31}.Ad-Hoc|Any CPU.Deploy.0 = Release|Any CPU
		{23F282AC-820D-441B-A76E-E0C572637A31}.Ad-Hoc|ARM.ActiveCfg = Release|ARM
		{23F282AC-820D-441B-A76E-E0C572637A31}.Ad-Hoc|ARM.Build.0 = Release|ARM
		{23F282AC-820D-441B-A76E-E0C572637A31}.Ad-Hoc|ARM.Deploy.0 = Release|ARM
		{23F282AC-820D-441B-A76E-E0C572637A31}.Ad-Hoc|iPhone.ActiveCfg = Release|Any CPU
		{23F282AC-820D-441B-A76E-E0C572637A31}.Ad-Hoc|iPhone.Build.0 = Release|Any CPU
		{23F282AC-820D-441B-A76E-E0C572637A31}.Ad-Hoc|iPhone.Deploy.0 = Release|Any CPU
		{23F282AC-820D-441B-A76E-E0C572637A31}.Ad-Hoc|iPhoneSimulator.ActiveCfg = Release|Any CPU
		{23F282AC-820D-441B-A76E-E0C572637A31}.Ad-Hoc|iPhoneSimulator.Build.0 = Release|Any CPU
		{23F282AC-820D-441B-A76E-E0C572637A31}.Ad-Hoc|iPhoneSimulator.Deploy.0 = Release|Any CPU
		{23F282AC-820D-441B-A76E-E0C572637A31}.Ad-Hoc|x64.ActiveCfg = Release|x64
		{23F282AC-820D-441B-A76E-E0C572637A31}.Ad-Hoc|x64.Build.0 = Release|x64
		{23F282AC-820D-441B-A76E-E0C572637A31}.Ad-Hoc|x64.Deploy.0 = Release|x64
		{23F282AC-820D-441B-A76E-E0C572637A31}.Ad-Hoc|x86.ActiveCfg = Release|x86
		{23F282AC-820D-441B-A76E-E0C572637A31}.Ad-Hoc|x86.Build.0 = Release|x86
		{23F282AC-820D-441B-A76E-E0C572637A31}.Ad-Hoc|x86.Deploy.0 = Release|x86
		{23F282AC-820D-441B-A76E-E0C572637A31}.AppStore|Any CPU.ActiveCfg = Release|Any CPU
		{23F282AC-820D-441B-A76E-E0C572637A31}.AppStore|Any CPU.Build.0 = Release|Any CPU
		{23F282AC-820D-441B-A76E-E0C572637A31}.AppStore|Any CPU.Deploy.0 = Release|Any CPU
		{23F282AC-820D-441B-A76E-E0C572637A31}.AppStore|ARM.ActiveCfg = Release|ARM
		{23F282AC-820D-441B-A76E-E0C572637A31}.AppStore|ARM.Build.0 = Release|ARM
		{23F282AC-820D-441B-A76E-E0C572637A31}.AppStore|ARM.Deploy.0 = Release|ARM
		{23F282AC-820D-441B-A76E-E0C572637A31}.AppStore|iPhone.ActiveCfg = Release|Any CPU
		{23F282AC-820D-441B-A76E-E0C572637A31}.AppStore|iPhone.Build.0 = Release|Any CPU
		{23F282AC-820D-441B-A76E-E0C572637A31}.AppStore|iPhone.Deploy.0 = Release|Any CPU
		{23F282AC-820D-441B-A76E-E0C572637A31}.AppStore|iPhoneSimulator.ActiveCfg = Release|Any CPU
		{23F282AC-820D-441B-A76E-E0C572637A31}.AppStore|iPhoneSimulator.Build.0 = Release|Any CPU
		{23F282AC-820D-441B-A76E-E0C572637A31}.AppStore|iPhoneSimulator.Deploy.0 = Release|Any CPU
		{23F282AC-820D-441B-A76E-E0C572637A31}.AppStore|x64.ActiveCfg = Release|x64
		{23F282AC-820D-441B-A76E-E0C572637A31}.AppStore|x64.Build.0 = Release|x64
		{23F282AC-820D-441B-A76E-E0C572637A31}.AppStore|x64.Deploy.0 = Release|x64
		{23F282AC-820D-441B-A76E-E0C572637A31}.AppStore|x86.ActiveCfg = Release|x86
		{23F282AC-820D-441B-A76E-E0C572637A31}.AppStore|x86.Build.0 = Release|x86
		{23F282AC-820D-441B-A76E-E0C572637A31}.AppStore|x86.Deploy.0 = Release|x86
		{23F282AC-820D-441B-A76E-E0C572637A31}.Debug|Any CPU.ActiveCfg = Debug|Any CPU
		{23F282AC-820D-441B-A76E-E0C572637A31}.Debug|Any CPU.Build.0 = Debug|Any CPU
		{23F282AC-820D-441B-A76E-E0C572637A31}.Debug|Any CPU.Deploy.0 = Debug|Any CPU
		{23F282AC-820D-441B-A76E-E0C572637A31}.Debug|ARM.ActiveCfg = Debug|ARM
		{23F282AC-820D-441B-A76E-E0C572637A31}.Debug|ARM.Build.0 = Debug|ARM
		{23F282AC-820D-441B-A76E-E0C572637A31}.Debug|ARM.Deploy.0 = Debug|ARM
		{23F282AC-820D-441B-A76E-E0C572637A31}.Debug|iPhone.ActiveCfg = Debug|Any CPU
		{23F282AC-820D-441B-A76E-E0C572637A31}.Debug|iPhone.Build.0 = Debug|Any CPU
		{23F282AC-820D-441B-A76E-E0C572637A31}.Debug|iPhone.Deploy.0 = Debug|Any CPU
		{23F282AC-820D-441B-A76E-E0C572637A31}.Debug|iPhoneSimulator.ActiveCfg = Debug|Any CPU
		{23F282AC-820D-441B-A76E-E0C572637A31}.Debug|iPhoneSimulator.Build.0 = Debug|Any CPU
		{23F282AC-820D-441B-A76E-E0C572637A31}.Debug|iPhoneSimulator.Deploy.0 = Debug|Any CPU
		{23F282AC-820D-441B-A76E-E0C572637A31}.Debug|x64.ActiveCfg = Debug|x64
		{23F282AC-820D-441B-A76E-E0C572637A31}.Debug|x64.Build.0 = Debug|x64
		{23F282AC-820D-441B-A76E-E0C572637A31}.Debug|x64.Deploy.0 = Debug|x64
		{23F282AC-820D-441B-A76E-E0C572637A31}.Debug|x86.ActiveCfg = Debug|x86
		{23F282AC-820D-441B-A76E-E0C572637A31}.Debug|x86.Build.0 = Debug|x86
		{23F282AC-820D-441B-A76E-E0C572637A31}.Debug|x86.Deploy.0 = Debug|x86
		{23F282AC-820D-441B-A76E-E0C572637A31}.Release|Any CPU.ActiveCfg = Release|Any CPU
		{23F282AC-820D-441B-A76E-E0C572637A31}.Release|Any CPU.Build.0 = Release|Any CPU
		{23F282AC-820D-441B-A76E-E0C572637A31}.Release|Any CPU.Deploy.0 = Release|Any CPU
		{23F282AC-820D-441B-A76E-E0C572637A31}.Release|ARM.ActiveCfg = Release|ARM
		{23F282AC-820D-441B-A76E-E0C572637A31}.Release|ARM.Build.0 = Release|ARM
		{23F282AC-820D-441B-A76E-E0C572637A31}.Release|ARM.Deploy.0 = Release|ARM
		{23F282AC-820D-441B-A76E-E0C572637A31}.Release|iPhone.ActiveCfg = Release|Any CPU
		{23F282AC-820D-441B-A76E-E0C572637A31}.Release|iPhone.Build.0 = Release|Any CPU
		{23F282AC-820D-441B-A76E-E0C572637A31}.Release|iPhone.Deploy.0 = Release|Any CPU
		{23F282AC-820D-441B-A76E-E0C572637A31}.Release|iPhoneSimulator.ActiveCfg = Release|Any CPU
		{23F282AC-820D-441B-A76E-E0C572637A31}.Release|iPhoneSimulator.Build.0 = Release|Any CPU
		{23F282AC-820D-441B-A76E-E0C572637A31}.Release|iPhoneSimulator.Deploy.0 = Release|Any CPU
		{23F282AC-820D-441B-A76E-E0C572637A31}.Release|x64.ActiveCfg = Release|x64
		{23F282AC-820D-441B-A76E-E0C572637A31}.Release|x64.Build.0 = Release|x64
		{23F282AC-820D-441B-A76E-E0C572637A31}.Release|x64.Deploy.0 = Release|x64
		{23F282AC-820D-441B-A76E-E0C572637A31}.Release|x86.ActiveCfg = Release|x86
		{23F282AC-820D-441B-A76E-E0C572637A31}.Release|x86.Build.0 = Release|x86
		{23F282AC-820D-441B-A76E-E0C572637A31}.Release|x86.Deploy.0 = Release|x86
		{6FEA638F-EE36-42F0-A7A4-C2F6ED6F5A15}.Ad-Hoc|Any CPU.ActiveCfg = Release|Any CPU
		{6FEA638F-EE36-42F0-A7A4-C2F6ED6F5A15}.Ad-Hoc|Any CPU.Build.0 = Release|Any CPU
		{6FEA638F-EE36-42F0-A7A4-C2F6ED6F5A15}.Ad-Hoc|ARM.ActiveCfg = Release|Any CPU
		{6FEA638F-EE36-42F0-A7A4-C2F6ED6F5A15}.Ad-Hoc|ARM.Build.0 = Release|Any CPU
		{6FEA638F-EE36-42F0-A7A4-C2F6ED6F5A15}.Ad-Hoc|iPhone.ActiveCfg = Release|Any CPU
		{6FEA638F-EE36-42F0-A7A4-C2F6ED6F5A15}.Ad-Hoc|iPhone.Build.0 = Release|Any CPU
		{6FEA638F-EE36-42F0-A7A4-C2F6ED6F5A15}.Ad-Hoc|iPhoneSimulator.ActiveCfg = Release|Any CPU
		{6FEA638F-EE36-42F0-A7A4-C2F6ED6F5A15}.Ad-Hoc|iPhoneSimulator.Build.0 = Release|Any CPU
		{6FEA638F-EE36-42F0-A7A4-C2F6ED6F5A15}.Ad-Hoc|x64.ActiveCfg = Release|Any CPU
		{6FEA638F-EE36-42F0-A7A4-C2F6ED6F5A15}.Ad-Hoc|x64.Build.0 = Release|Any CPU
		{6FEA638F-EE36-42F0-A7A4-C2F6ED6F5A15}.Ad-Hoc|x86.ActiveCfg = Release|Any CPU
		{6FEA638F-EE36-42F0-A7A4-C2F6ED6F5A15}.Ad-Hoc|x86.Build.0 = Release|Any CPU
		{6FEA638F-EE36-42F0-A7A4-C2F6ED6F5A15}.AppStore|Any CPU.ActiveCfg = Release|Any CPU
		{6FEA638F-EE36-42F0-A7A4-C2F6ED6F5A15}.AppStore|Any CPU.Build.0 = Release|Any CPU
		{6FEA638F-EE36-42F0-A7A4-C2F6ED6F5A15}.AppStore|ARM.ActiveCfg = Release|Any CPU
		{6FEA638F-EE36-42F0-A7A4-C2F6ED6F5A15}.AppStore|ARM.Build.0 = Release|Any CPU
		{6FEA638F-EE36-42F0-A7A4-C2F6ED6F5A15}.AppStore|iPhone.ActiveCfg = Release|Any CPU
		{6FEA638F-EE36-42F0-A7A4-C2F6ED6F5A15}.AppStore|iPhone.Build.0 = Release|Any CPU
		{6FEA638F-EE36-42F0-A7A4-C2F6ED6F5A15}.AppStore|iPhoneSimulator.ActiveCfg = Release|Any CPU
		{6FEA638F-EE36-42F0-A7A4-C2F6ED6F5A15}.AppStore|iPhoneSimulator.Build.0 = Release|Any CPU
		{6FEA638F-EE36-42F0-A7A4-C2F6ED6F5A15}.AppStore|x64.ActiveCfg = Release|Any CPU
		{6FEA638F-EE36-42F0-A7A4-C2F6ED6F5A15}.AppStore|x64.Build.0 = Release|Any CPU
		{6FEA638F-EE36-42F0-A7A4-C2F6ED6F5A15}.AppStore|x86.ActiveCfg = Release|Any CPU
		{6FEA638F-EE36-42F0-A7A4-C2F6ED6F5A15}.AppStore|x86.Build.0 = Release|Any CPU
		{6FEA638F-EE36-42F0-A7A4-C2F6ED6F5A15}.Debug|Any CPU.ActiveCfg = Debug|Any CPU
		{6FEA638F-EE36-42F0-A7A4-C2F6ED6F5A15}.Debug|Any CPU.Build.0 = Debug|Any CPU
		{6FEA638F-EE36-42F0-A7A4-C2F6ED6F5A15}.Debug|ARM.ActiveCfg = Debug|Any CPU
		{6FEA638F-EE36-42F0-A7A4-C2F6ED6F5A15}.Debug|ARM.Build.0 = Debug|Any CPU
		{6FEA638F-EE36-42F0-A7A4-C2F6ED6F5A15}.Debug|iPhone.ActiveCfg = Debug|Any CPU
		{6FEA638F-EE36-42F0-A7A4-C2F6ED6F5A15}.Debug|iPhone.Build.0 = Debug|Any CPU
		{6FEA638F-EE36-42F0-A7A4-C2F6ED6F5A15}.Debug|iPhoneSimulator.ActiveCfg = Debug|Any CPU
		{6FEA638F-EE36-42F0-A7A4-C2F6ED6F5A15}.Debug|iPhoneSimulator.Build.0 = Debug|Any CPU
		{6FEA638F-EE36-42F0-A7A4-C2F6ED6F5A15}.Debug|x64.ActiveCfg = Debug|Any CPU
		{6FEA638F-EE36-42F0-A7A4-C2F6ED6F5A15}.Debug|x64.Build.0 = Debug|Any CPU
		{6FEA638F-EE36-42F0-A7A4-C2F6ED6F5A15}.Debug|x86.ActiveCfg = Debug|Any CPU
		{6FEA638F-EE36-42F0-A7A4-C2F6ED6F5A15}.Debug|x86.Build.0 = Debug|Any CPU
		{6FEA638F-EE36-42F0-A7A4-C2F6ED6F5A15}.Release|Any CPU.ActiveCfg = Release|Any CPU
		{6FEA638F-EE36-42F0-A7A4-C2F6ED6F5A15}.Release|Any CPU.Build.0 = Release|Any CPU
		{6FEA638F-EE36-42F0-A7A4-C2F6ED6F5A15}.Release|ARM.ActiveCfg = Release|Any CPU
		{6FEA638F-EE36-42F0-A7A4-C2F6ED6F5A15}.Release|ARM.Build.0 = Release|Any CPU
		{6FEA638F-EE36-42F0-A7A4-C2F6ED6F5A15}.Release|iPhone.ActiveCfg = Release|Any CPU
		{6FEA638F-EE36-42F0-A7A4-C2F6ED6F5A15}.Release|iPhone.Build.0 = Release|Any CPU
		{6FEA638F-EE36-42F0-A7A4-C2F6ED6F5A15}.Release|iPhoneSimulator.ActiveCfg = Release|Any CPU
		{6FEA638F-EE36-42F0-A7A4-C2F6ED6F5A15}.Release|iPhoneSimulator.Build.0 = Release|Any CPU
		{6FEA638F-EE36-42F0-A7A4-C2F6ED6F5A15}.Release|x64.ActiveCfg = Release|Any CPU
		{6FEA638F-EE36-42F0-A7A4-C2F6ED6F5A15}.Release|x64.Build.0 = Release|Any CPU
		{6FEA638F-EE36-42F0-A7A4-C2F6ED6F5A15}.Release|x86.ActiveCfg = Release|Any CPU
		{6FEA638F-EE36-42F0-A7A4-C2F6ED6F5A15}.Release|x86.Build.0 = Release|Any CPU
	EndGlobalSection
	GlobalSection(SolutionProperties) = preSolution
		HideSolutionNode = FALSE
	EndGlobalSection
EndGlobal
